{
  "name": "curriculum",
  "version": "1.0.0",
  "lockfileVersion": 2,
  "requires": true,
  "packages": {
    "": {
      "name": "curriculum",
      "version": "1.0.0",
      "license": "MIT",
      "dependencies": {
        "total4": "^0.0.63"
      }
    },
    "node_modules/total4": {
      "version": "0.0.63",
      "resolved": "https://registry.npmjs.org/total4/-/total4-0.0.63.tgz",
      "integrity": "sha512-tdcMZFOun900mz9PRqlEg/kn2Mibe8k9qJg2p/lEoMObpB1E9VRWcriZGrOTMUweQmI9bgJLpYRZE0V7hGLpFQ==",
      "bin": {
        "total4": "bin/total4"
      }
    }
  },
  "dependencies": {
    "total4": {
      "version": "0.0.63",
      "resolved": "https://registry.npmjs.org/total4/-/total4-0.0.63.tgz",
      "integrity": "sha512-tdcMZFOun900mz9PRqlEg/kn2Mibe8k9qJg2p/lEoMObpB1E9VRWcriZGrOTMUweQmI9bgJLpYRZE0V7hGLpFQ=="
    }
  }
}
